
Microsoft Visual Studio Solution File, Format Version 12.00
# Visual Studio Version 17
VisualStudioVersion = 17.7.34202.233
MinimumVisualStudioVersion = 10.0.40219.1
Project("{FAE04EC0-301F-11D3-BF4B-00C04F79EFBC}") = "hackerrank12", "hackerrank12\hackerrank12.csproj", "{EFA420AA-C826-44B9-A61A-D3591A9B182E}"
EndProject
Global
	GlobalSection(SolutionConfigurationPlatforms) = preSolution
		Debug|Any CPU = Debug|Any CPU
		Release|Any CPU = Release|Any CPU
	EndGlobalSection
	GlobalSection(ProjectConfigurationPlatforms) = postSolution
		{EFA420AA-C826-44B9-A61A-D3591A9B182E}.Debug|Any CPU.ActiveCfg = Debug|Any CPU
		{EFA420AA-C826-44B9-A61A-D3591A9B182E}.Debug|Any CPU.Build.0 = Debug|Any CPU
		{EFA420AA-C826-44B9-A61A-D3591A9B182E}.Release|Any CPU.ActiveCfg = Release|Any CPU
		{EFA420AA-C826-44B9-A61A-D3591A9B182E}.Release|Any CPU.Build.0 = Release|Any CPU
	EndGlobalSection
	GlobalSection(SolutionProperties) = preSolution
		HideSolutionNode = FALSE
	EndGlobalSection
	GlobalSection(ExtensibilityGlobals) = postSolution
		SolutionGuid = {CDF63C37-3587-4817-BF07-87B35DA301EC}
	EndGlobalSection
EndGlobal
