
Microsoft Visual Studio Solution File, Format Version 12.00
# Visual Studio Version 17
VisualStudioVersion = 17.7.34202.233
MinimumVisualStudioVersion = 10.0.40219.1
Project("{FAE04EC0-301F-11D3-BF4B-00C04F79EFBC}") = "Coderbytealıstırma2", "Coderbytealıstırma2\Coderbytealıstırma2.csproj", "{586F3FC4-DEC8-49A6-96AE-A3DDCB5E769C}"
EndProject
Global
	GlobalSection(SolutionConfigurationPlatforms) = preSolution
		Debug|Any CPU = Debug|Any CPU
		Release|Any CPU = Release|Any CPU
	EndGlobalSection
	GlobalSection(ProjectConfigurationPlatforms) = postSolution
		{586F3FC4-DEC8-49A6-96AE-A3DDCB5E769C}.Debug|Any CPU.ActiveCfg = Debug|Any CPU
		{586F3FC4-DEC8-49A6-96AE-A3DDCB5E769C}.Debug|Any CPU.Build.0 = Debug|Any CPU
		{586F3FC4-DEC8-49A6-96AE-A3DDCB5E769C}.Release|Any CPU.ActiveCfg = Release|Any CPU
		{586F3FC4-DEC8-49A6-96AE-A3DDCB5E769C}.Release|Any CPU.Build.0 = Release|Any CPU
	EndGlobalSection
	GlobalSection(SolutionProperties) = preSolution
		HideSolutionNode = FALSE
	EndGlobalSection
	GlobalSection(ExtensibilityGlobals) = postSolution
		SolutionGuid = {D594F6B6-D6DB-4D94-B5B4-C7CD5ED77198}
	EndGlobalSection
EndGlobal
