
Microsoft Visual Studio Solution File, Format Version 12.00
# Visual Studio Version 17
VisualStudioVersion = 17.7.34202.233
MinimumVisualStudioVersion = 10.0.40219.1
Project("{FAE04EC0-301F-11D3-BF4B-00C04F79EFBC}") = "c# alıstırma constructor", "c# alıstırma constructor\c# alıstırma constructor.csproj", "{5D27B2E1-A2D8-48CF-8273-83B8D728FAA3}"
EndProject
Global
	GlobalSection(SolutionConfigurationPlatforms) = preSolution
		Debug|Any CPU = Debug|Any CPU
		Release|Any CPU = Release|Any CPU
	EndGlobalSection
	GlobalSection(ProjectConfigurationPlatforms) = postSolution
		{5D27B2E1-A2D8-48CF-8273-83B8D728FAA3}.Debug|Any CPU.ActiveCfg = Debug|Any CPU
		{5D27B2E1-A2D8-48CF-8273-83B8D728FAA3}.Debug|Any CPU.Build.0 = Debug|Any CPU
		{5D27B2E1-A2D8-48CF-8273-83B8D728FAA3}.Release|Any CPU.ActiveCfg = Release|Any CPU
		{5D27B2E1-A2D8-48CF-8273-83B8D728FAA3}.Release|Any CPU.Build.0 = Release|Any CPU
	EndGlobalSection
	GlobalSection(SolutionProperties) = preSolution
		HideSolutionNode = FALSE
	EndGlobalSection
	GlobalSection(ExtensibilityGlobals) = postSolution
		SolutionGuid = {C6EC4057-1719-4800-9A42-B782F14AACA5}
	EndGlobalSection
EndGlobal
