
Microsoft Visual Studio Solution File, Format Version 12.00
# Visual Studio Version 17
VisualStudioVersion = 17.7.34202.233
MinimumVisualStudioVersion = 10.0.40219.1
Project("{FAE04EC0-301F-11D3-BF4B-00C04F79EFBC}") = "Hackerrank19", "Hackerrank19\Hackerrank19.csproj", "{DC2B487A-E620-4B32-9E1D-BD6CF3659B2A}"
EndProject
Global
	GlobalSection(SolutionConfigurationPlatforms) = preSolution
		Debug|Any CPU = Debug|Any CPU
		Release|Any CPU = Release|Any CPU
	EndGlobalSection
	GlobalSection(ProjectConfigurationPlatforms) = postSolution
		{DC2B487A-E620-4B32-9E1D-BD6CF3659B2A}.Debug|Any CPU.ActiveCfg = Debug|Any CPU
		{DC2B487A-E620-4B32-9E1D-BD6CF3659B2A}.Debug|Any CPU.Build.0 = Debug|Any CPU
		{DC2B487A-E620-4B32-9E1D-BD6CF3659B2A}.Release|Any CPU.ActiveCfg = Release|Any CPU
		{DC2B487A-E620-4B32-9E1D-BD6CF3659B2A}.Release|Any CPU.Build.0 = Release|Any CPU
	EndGlobalSection
	GlobalSection(SolutionProperties) = preSolution
		HideSolutionNode = FALSE
	EndGlobalSection
	GlobalSection(ExtensibilityGlobals) = postSolution
		SolutionGuid = {2A882365-DF5F-410C-8C0B-A231B04DEF84}
	EndGlobalSection
EndGlobal
